
Microsoft Visual Studio Solution File, Format Version 12.00
# Visual Studio Version 16
VisualStudioVersion = 16.0.32602.291
MinimumVisualStudioVersion = 10.0.40219.1
Project("{FAE04EC0-301F-11D3-BF4B-00C04F79EFBC}") = "MyAddin69", "MyAddin69.csproj", "{72AF491C-646C-40C9-AD5C-A1DE24C4BE5B}"
EndProject
Global
	GlobalSection(SolutionConfigurationPlatforms) = preSolution
		Debug-adx100|Any CPU = Debug-adx100|Any CPU
		Debug-adx94|Any CPU = Debug-adx94|Any CPU
		Release|Any CPU = Release|Any CPU
	EndGlobalSection
	GlobalSection(ProjectConfigurationPlatforms) = postSolution
		{72AF491C-646C-40C9-AD5C-A1DE24C4BE5B}.Debug-adx100|Any CPU.ActiveCfg = Debug-adx100|Any CPU
		{72AF491C-646C-40C9-AD5C-A1DE24C4BE5B}.Debug-adx100|Any CPU.Build.0 = Debug-adx100|Any CPU
		{72AF491C-646C-40C9-AD5C-A1DE24C4BE5B}.Debug-adx94|Any CPU.ActiveCfg = Debug-adx94|Any CPU
		{72AF491C-646C-40C9-AD5C-A1DE24C4BE5B}.Debug-adx94|Any CPU.Build.0 = Debug-adx94|Any CPU
		{72AF491C-646C-40C9-AD5C-A1DE24C4BE5B}.Release|Any CPU.ActiveCfg = Release|Any CPU
		{72AF491C-646C-40C9-AD5C-A1DE24C4BE5B}.Release|Any CPU.Build.0 = Release|Any CPU
	EndGlobalSection
	GlobalSection(SolutionProperties) = preSolution
		HideSolutionNode = FALSE
	EndGlobalSection
	GlobalSection(ExtensibilityGlobals) = postSolution
		SolutionGuid = {4CCF99D9-2C01-4855-9FEE-79E83512A7A3}
	EndGlobalSection
EndGlobal
